
Microsoft Visual Studio Solution File, Format Version 12.00
# Visual Studio Version 17
VisualStudioVersion = 17.4.33103.184
MinimumVisualStudioVersion = 10.0.40219.1
Project("{9A19103F-16F7-4668-BE54-9A1E7A4F7556}") = "TelegramFlow", "training\TelegramFlow.csproj", "{E159F0DE-6E35-4C67-8979-C8210BCA71C1}"
EndProject
Project("{9A19103F-16F7-4668-BE54-9A1E7A4F7556}") = "MissingElement", "MissingElement\MissingElement.csproj", "{E1BE7D24-ECF2-43E2-95C3-E719214F28BA}"
EndProject
Project("{9A19103F-16F7-4668-BE54-9A1E7A4F7556}") = "MissingElement.Test", "MissingElement.Test\MissingElement.Test.csproj", "{66EF4931-1FB7-4778-ACE9-C3F8641A937E}"
EndProject
Project("{9A19103F-16F7-4668-BE54-9A1E7A4F7556}") = "temporary", "temporary\temporary.csproj", "{4A60BAB6-4E2E-483F-8A42-52433423992D}"
EndProject
Project("{FAE04EC0-301F-11D3-BF4B-00C04F79EFBC}") = "playground", "playground\playground.csproj", "{29777DD6-1C32-4591-AB12-E25AE148748D}"
EndProject
Global
	GlobalSection(SolutionConfigurationPlatforms) = preSolution
		Debug|Any CPU = Debug|Any CPU
		Release|Any CPU = Release|Any CPU
	EndGlobalSection
	GlobalSection(ProjectConfigurationPlatforms) = postSolution
		{E159F0DE-6E35-4C67-8979-C8210BCA71C1}.Debug|Any CPU.ActiveCfg = Debug|Any CPU
		{E159F0DE-6E35-4C67-8979-C8210BCA71C1}.Debug|Any CPU.Build.0 = Debug|Any CPU
		{E159F0DE-6E35-4C67-8979-C8210BCA71C1}.Release|Any CPU.ActiveCfg = Release|Any CPU
		{E159F0DE-6E35-4C67-8979-C8210BCA71C1}.Release|Any CPU.Build.0 = Release|Any CPU
		{E1BE7D24-ECF2-43E2-95C3-E719214F28BA}.Debug|Any CPU.ActiveCfg = Debug|Any CPU
		{E1BE7D24-ECF2-43E2-95C3-E719214F28BA}.Debug|Any CPU.Build.0 = Debug|Any CPU
		{E1BE7D24-ECF2-43E2-95C3-E719214F28BA}.Release|Any CPU.ActiveCfg = Release|Any CPU
		{E1BE7D24-ECF2-43E2-95C3-E719214F28BA}.Release|Any CPU.Build.0 = Release|Any CPU
		{66EF4931-1FB7-4778-ACE9-C3F8641A937E}.Debug|Any CPU.ActiveCfg = Debug|Any CPU
		{66EF4931-1FB7-4778-ACE9-C3F8641A937E}.Debug|Any CPU.Build.0 = Debug|Any CPU
		{66EF4931-1FB7-4778-ACE9-C3F8641A937E}.Release|Any CPU.ActiveCfg = Release|Any CPU
		{66EF4931-1FB7-4778-ACE9-C3F8641A937E}.Release|Any CPU.Build.0 = Release|Any CPU
		{4A60BAB6-4E2E-483F-8A42-52433423992D}.Debug|Any CPU.ActiveCfg = Debug|Any CPU
		{4A60BAB6-4E2E-483F-8A42-52433423992D}.Debug|Any CPU.Build.0 = Debug|Any CPU
		{4A60BAB6-4E2E-483F-8A42-52433423992D}.Release|Any CPU.ActiveCfg = Release|Any CPU
		{4A60BAB6-4E2E-483F-8A42-52433423992D}.Release|Any CPU.Build.0 = Release|Any CPU
		{29777DD6-1C32-4591-AB12-E25AE148748D}.Debug|Any CPU.ActiveCfg = Debug|Any CPU
		{29777DD6-1C32-4591-AB12-E25AE148748D}.Debug|Any CPU.Build.0 = Debug|Any CPU
		{29777DD6-1C32-4591-AB12-E25AE148748D}.Release|Any CPU.ActiveCfg = Release|Any CPU
		{29777DD6-1C32-4591-AB12-E25AE148748D}.Release|Any CPU.Build.0 = Release|Any CPU
	EndGlobalSection
	GlobalSection(SolutionProperties) = preSolution
		HideSolutionNode = FALSE
	EndGlobalSection
	GlobalSection(ExtensibilityGlobals) = postSolution
		SolutionGuid = {8010D5A5-E0D1-46BE-BBB6-3FA3A4E8221F}
	EndGlobalSection
EndGlobal
